// !$*UTF8*$!
{
	archiveVersion = 1;
	classes = {
	};
	objectVersion = 46;
	objects = {

/* Begin PBXBuildFile section */
		400819AF1B0DA89300F503CA /* Foundation.framework in Frameworks */ = {isa = PBXBuildFile; fileRef = 400819AE1B0DA89300F503CA /* Foundation.framework */; };
		400819B11B0DA89300F503CA /* CoreGraphics.framework in Frameworks */ = {isa = PBXBuildFile; fileRef = 400819B01B0DA89300F503CA /* CoreGraphics.framework */; };
		400819B31B0DA89300F503CA /* UIKit.framework in Frameworks */ = {isa = PBXBuildFile; fileRef = 400819B21B0DA89300F503CA /* UIKit.framework */; };
		400819B91B0DA89300F503CA /* InfoPlist.strings in Resources */ = {isa = PBXBuildFile; fileRef = 400819B71B0DA89300F503CA /* InfoPlist.strings */; };
		400819BB1B0DA89300F503CA /* main.m in Sources */ = {isa = PBXBuildFile; fileRef = 400819BA1B0DA89300F503CA /* main.m */; };
		400819BF1B0DA89300F503CA /* AppDelegate.m in Sources */ = {isa = PBXBuildFile; fileRef = 400819BE1B0DA89300F503CA /* AppDelegate.m */; };
		400819C21B0DA89300F503CA /* Main_iPhone.storyboard in Resources */ = {isa = PBXBuildFile; fileRef = 400819C01B0DA89300F503CA /* Main_iPhone.storyboard */; };
		400819C51B0DA89300F503CA /* Main_iPad.storyboard in Resources */ = {isa = PBXBuildFile; fileRef = 400819C31B0DA89300F503CA /* Main_iPad.storyboard */; };
		400819C81B0DA89300F503CA /* ViewController.m in Sources */ = {isa = PBXBuildFile; fileRef = 400819C71B0DA89300F503CA /* ViewController.m */; };
		400819CA1B0DA89300F503CA /* Images.xcassets in Resources */ = {isa = PBXBuildFile; fileRef = 400819C91B0DA89300F503CA /* Images.xcassets */; };
		400819D11B0DA89300F503CA /* XCTest.framework in Frameworks */ = {isa = PBXBuildFile; fileRef = 400819D01B0DA89300F503CA /* XCTest.framework */; };
		400819D21B0DA89300F503CA /* Foundation.framework in Frameworks */ = {isa = PBXBuildFile; fileRef = 400819AE1B0DA89300F503CA /* Foundation.framework */; };
		400819D31B0DA89300F503CA /* UIKit.framework in Frameworks */ = {isa = PBXBuildFile; fileRef = 400819B21B0DA89300F503CA /* UIKit.framework */; };
		400819DB1B0DA89300F503CA /* InfoPlist.strings in Resources */ = {isa = PBXBuildFile; fileRef = 400819D91B0DA89300F503CA /* InfoPlist.strings */; };
		400819DD1B0DA89300F503CA /* PlacePickerTests.m in Sources */ = {isa = PBXBuildFile; fileRef = 400819DC1B0DA89300F503CA /* PlacePickerTests.m */; };
/* End PBXBuildFile section */

/* Begin PBXContainerItemProxy section */
		400819D41B0DA89300F503CA /* PBXContainerItemProxy */ = {
			isa = PBXContainerItemProxy;
			containerPortal = 400819A31B0DA89300F503CA /* Project object */;
			proxyType = 1;
			remoteGlobalIDString = 400819AA1B0DA89300F503CA;
			remoteInfo = PlacePicker;
		};
/* End PBXContainerItemProxy section */

/* Begin PBXFileReference section */
		400819AB1B0DA89300F503CA /* PlacePicker.app */ = {isa = PBXFileReference; explicitFileType = wrapper.application; includeInIndex = 0; path = PlacePicker.app; sourceTree = BUILT_PRODUCTS_DIR; };
		400819AE1B0DA89300F503CA /* Foundation.framework */ = {isa = PBXFileReference; lastKnownFileType = wrapper.framework; name = Foundation.framework; path = System/Library/Frameworks/Foundation.framework; sourceTree = SDKROOT; };
		400819B01B0DA89300F503CA /* CoreGraphics.framework */ = {isa = PBXFileReference; lastKnownFileType = wrapper.framework; name = CoreGraphics.framework; path = System/Library/Frameworks/CoreGraphics.framework; sourceTree = SDKROOT; };
		400819B21B0DA89300F503CA /* UIKit.framework */ = {isa = PBXFileReference; lastKnownFileType = wrapper.framework; name = UIKit.framework; path = System/Library/Frameworks/UIKit.framework; sourceTree = SDKROOT; };
		400819B61B0DA89300F503CA /* PlacePicker-Info.plist */ = {isa = PBXFileReference; lastKnownFileType = text.plist.xml; path = "PlacePicker-Info.plist"; sourceTree = "<group>"; };
		400819B81B0DA89300F503CA /* en */ = {isa = PBXFileReference; lastKnownFileType = text.plist.strings; name = en; path = en.lproj/InfoPlist.strings; sourceTree = "<group>"; };
		400819BA1B0DA89300F503CA /* main.m */ = {isa = PBXFileReference; lastKnownFileType = sourcecode.c.objc; path = main.m; sourceTree = "<group>"; };
		400819BC1B0DA89300F503CA /* PlacePicker-Prefix.pch */ = {isa = PBXFileReference; lastKnownFileType = sourcecode.c.h; path = "PlacePicker-Prefix.pch"; sourceTree = "<group>"; };
		400819BD1B0DA89300F503CA /* AppDelegate.h */ = {isa = PBXFileReference; lastKnownFileType = sourcecode.c.h; path = AppDelegate.h; sourceTree = "<group>"; };
		400819BE1B0DA89300F503CA /* AppDelegate.m */ = {isa = PBXFileReference; lastKnownFileType = sourcecode.c.objc; path = AppDelegate.m; sourceTree = "<group>"; };
		400819C11B0DA89300F503CA /* Base */ = {isa = PBXFileReference; lastKnownFileType = file.storyboard; name = Base; path = Base.lproj/Main_iPhone.storyboard; sourceTree = "<group>"; };
		400819C41B0DA89300F503CA /* Base */ = {isa = PBXFileReference; lastKnownFileType = file.storyboard; name = Base; path = Base.lproj/Main_iPad.storyboard; sourceTree = "<group>"; };
		400819C61B0DA89300F503CA /* ViewController.h */ = {isa = PBXFileReference; lastKnownFileType = sourcecode.c.h; path = ViewController.h; sourceTree = "<group>"; };
		400819C71B0DA89300F503CA /* ViewController.m */ = {isa = PBXFileReference; lastKnownFileType = sourcecode.c.objc; path = ViewController.m; sourceTree = "<group>"; };
		400819C91B0DA89300F503CA /* Images.xcassets */ = {isa = PBXFileReference; lastKnownFileType = folder.assetcatalog; path = Images.xcassets; sourceTree = "<group>"; };
		400819CF1B0DA89300F503CA /* PlacePickerTests.xctest */ = {isa = PBXFileReference; explicitFileType = wrapper.cfbundle; includeInIndex = 0; path = PlacePickerTests.xctest; sourceTree = BUILT_PRODUCTS_DIR; };
		400819D01B0DA89300F503CA /* XCTest.framework */ = {isa = PBXFileReference; lastKnownFileType = wrapper.framework; name = XCTest.framework; path = Library/Frameworks/XCTest.framework; sourceTree = DEVELOPER_DIR; };
		400819D81B0DA89300F503CA /* PlacePickerTests-Info.plist */ = {isa = PBXFileReference; lastKnownFileType = text.plist.xml; path = "PlacePickerTests-Info.plist"; sourceTree = "<group>"; };
		400819DA1B0DA89300F503CA /* en */ = {isa = PBXFileReference; lastKnownFileType = text.plist.strings; name = en; path = en.lproj/InfoPlist.strings; sourceTree = "<group>"; };
		400819DC1B0DA89300F503CA /* PlacePickerTests.m */ = {isa = PBXFileReference; lastKnownFileType = sourcecode.c.objc; path = PlacePickerTests.m; sourceTree = "<group>"; };
/* End PBXFileReference section */

/* Begin PBXFrameworksBuildPhase section */
		400819A81B0DA89300F503CA /* Frameworks */ = {
			isa = PBXFrameworksBuildPhase;
			buildActionMask = 2147483647;
			files = (
				400819B11B0DA89300F503CA /* CoreGraphics.framework in Frameworks */,
				400819B31B0DA89300F503CA /* UIKit.framework in Frameworks */,
				400819AF1B0DA89300F503CA /* Foundation.framework in Frameworks */,
			);
			runOnlyForDeploymentPostprocessing = 0;
		};
		400819CC1B0DA89300F503CA /* Frameworks */ = {
			isa = PBXFrameworksBuildPhase;
			buildActionMask = 2147483647;
			files = (
				400819D11B0DA89300F503CA /* XCTest.framework in Frameworks */,
				400819D31B0DA89300F503CA /* UIKit.framework in Frameworks */,
				400819D21B0DA89300F503CA /* Foundation.framework in Frameworks */,
			);
			runOnlyForDeploymentPostprocessing = 0;
		};
/* End PBXFrameworksBuildPhase section */

/* Begin PBXGroup section */
		400819A21B0DA89300F503CA = {
			isa = PBXGroup;
			children = (
				400819B41B0DA89300F503CA /* PlacePicker */,
				400819D61B0DA89300F503CA /* PlacePickerTests */,
				400819AD1B0DA89300F503CA /* Frameworks */,
				400819AC1B0DA89300F503CA /* Products */,
			);
			sourceTree = "<group>";
		};
		400819AC1B0DA89300F503CA /* Products */ = {
			isa = PBXGroup;
			children = (
				400819AB1B0DA89300F503CA /* PlacePicker.app */,
				400819CF1B0DA89300F503CA /* PlacePickerTests.xctest */,
			);
			name = Products;
			sourceTree = "<group>";
		};
		400819AD1B0DA89300F503CA /* Frameworks */ = {
			isa = PBXGroup;
			children = (
				400819AE1B0DA89300F503CA /* Foundation.framework */,
				400819B01B0DA89300F503CA /* CoreGraphics.framework */,
				400819B21B0DA89300F503CA /* UIKit.framework */,
				400819D01B0DA89300F503CA /* XCTest.framework */,
			);
			name = Frameworks;
			sourceTree = "<group>";
		};
		400819B41B0DA89300F503CA /* PlacePicker */ = {
			isa = PBXGroup;
			children = (
				400819BD1B0DA89300F503CA /* AppDelegate.h */,
				400819BE1B0DA89300F503CA /* AppDelegate.m */,
				400819C01B0DA89300F503CA /* Main_iPhone.storyboard */,
				400819C31B0DA89300F503CA /* Main_iPad.storyboard */,
				400819C61B0DA89300F503CA /* ViewController.h */,
				400819C71B0DA89300F503CA /* ViewController.m */,
				400819C91B0DA89300F503CA /* Images.xcassets */,
				400819B51B0DA89300F503CA /* Supporting Files */,
			);
			path = PlacePicker;
			sourceTree = "<group>";
		};
		400819B51B0DA89300F503CA /* Supporting Files */ = {
			isa = PBXGroup;
			children = (
				400819B61B0DA89300F503CA /* PlacePicker-Info.plist */,
				400819B71B0DA89300F503CA /* InfoPlist.strings */,
				400819BA1B0DA89300F503CA /* main.m */,
				400819BC1B0DA89300F503CA /* PlacePicker-Prefix.pch */,
			);
			name = "Supporting Files";
			sourceTree = "<group>";
		};
		400819D61B0DA89300F503CA /* PlacePickerTests */ = {
			isa = PBXGroup;
			children = (
				400819DC1B0DA89300F503CA /* PlacePickerTests.m */,
				400819D71B0DA89300F503CA /* Supporting Files */,
			);
			path = PlacePickerTests;
			sourceTree = "<group>";
		};
		400819D71B0DA89300F503CA /* Supporting Files */ = {
			isa = PBXGroup;
			children = (
				400819D81B0DA89300F503CA /* PlacePickerTests-Info.plist */,
				400819D91B0DA89300F503CA /* InfoPlist.strings */,
			);
			name = "Supporting Files";
			sourceTree = "<group>";
		};
/* End PBXGroup section */

/* Begin PBXNativeTarget section */
		400819AA1B0DA89300F503CA /* PlacePicker */ = {
			isa = PBXNativeTarget;
			buildConfigurationList = 400819E01B0DA89300F503CA /* Build configuration list for PBXNativeTarget "PlacePicker" */;
			buildPhases = (
				400819A71B0DA89300F503CA /* Sources */,
				400819A81B0DA89300F503CA /* Frameworks */,
				400819A91B0DA89300F503CA /* Resources */,
			);
			buildRules = (
			);
			dependencies = (
			);
			name = PlacePicker;
			productName = PlacePicker;
			productReference = 400819AB1B0DA89300F503CA /* PlacePicker.app */;
			productType = "com.apple.product-type.application";
		};
		400819CE1B0DA89300F503CA /* PlacePickerTests */ = {
			isa = PBXNativeTarget;
			buildConfigurationList = 400819E31B0DA89300F503CA /* Build configuration list for PBXNativeTarget "PlacePickerTests" */;
			buildPhases = (
				400819CB1B0DA89300F503CA /* Sources */,
				400819CC1B0DA89300F503CA /* Frameworks */,
				400819CD1B0DA89300F503CA /* Resources */,
			);
			buildRules = (
			);
			dependencies = (
				400819D51B0DA89300F503CA /* PBXTargetDependency */,
			);
			name = PlacePickerTests;
			productName = PlacePickerTests;
			productReference = 400819CF1B0DA89300F503CA /* PlacePickerTests.xctest */;
			productType = "com.apple.product-type.bundle.unit-test";
		};
/* End PBXNativeTarget section */

/* Begin PBXProject section */
		400819A31B0DA89300F503CA /* Project object */ = {
			isa = PBXProject;
			attributes = {
				LastUpgradeCheck = 0510;
				ORGANIZATIONNAME = "Vivian Wehner";
				TargetAttributes = {
					400819CE1B0DA89300F503CA = {
						TestTargetID = 400819AA1B0DA89300F503CA;
					};
				};
			};
			buildConfigurationList = 400819A61B0DA89300F503CA /* Build configuration list for PBXProject "PlacePicker" */;
			compatibilityVersion = "Xcode 3.2";
			developmentRegion = English;
			hasScannedForEncodings = 0;
			knownRegions = (
				en,
				Base,
			);
			mainGroup = 400819A21B0DA89300F503CA;
			productRefGroup = 400819AC1B0DA89300F503CA /* Products */;
			projectDirPath = "";
			projectRoot = "";
			targets = (
				400819AA1B0DA89300F503CA /* PlacePicker */,
				400819CE1B0DA89300F503CA /* PlacePickerTests */,
			);
		};
/* End PBXProject section */

/* Begin PBXResourcesBuildPhase section */
		400819A91B0DA89300F503CA /* Resources */ = {
			isa = PBXResourcesBuildPhase;
			buildActionMask = 2147483647;
			files = (
				400819C51B0DA89300F503CA /* Main_iPad.storyboard in Resources */,
				400819CA1B0DA89300F503CA /* Images.xcassets in Resources */,
				400819C21B0DA89300F503CA /* Main_iPhone.storyboard in Resources */,
				400819B91B0DA89300F503CA /* InfoPlist.strings in Resources */,
			);
			runOnlyForDeploymentPostprocessing = 0;
		};
		400819CD1B0DA89300F503CA /* Resources */ = {
			isa = PBXResourcesBuildPhase;
			buildActionMask = 2147483647;
			files = (
				400819DB1B0DA89300F503CA /* InfoPlist.strings in Resources */,
			);
			runOnlyForDeploymentPostprocessing = 0;
		};
/* End PBXResourcesBuildPhase section */

/* Begin PBXSourcesBuildPhase section */
		400819A71B0DA89300F503CA /* Sources */ = {
			isa = PBXSourcesBuildPhase;
			buildActionMask = 2147483647;
			files = (
				400819C81B0DA89300F503CA /* ViewController.m in Sources */,
				400819BF1B0DA89300F503CA /* AppDelegate.m in Sources */,
				400819BB1B0DA89300F503CA /* main.m in Sources */,
			);
			runOnlyForDeploymentPostprocessing = 0;
		};
		400819CB1B0DA89300F503CA /* Sources */ = {
			isa = PBXSourcesBuildPhase;
			buildActionMask = 2147483647;
			files = (
				400819DD1B0DA89300F503CA /* PlacePickerTests.m in Sources */,
			);
			runOnlyForDeploymentPostprocessing = 0;
		};
/* End PBXSourcesBuildPhase section */

/* Begin PBXTargetDependency section */
		400819D51B0DA89300F503CA /* PBXTargetDependency */ = {
			isa = PBXTargetDependency;
			target = 400819AA1B0DA89300F503CA /* PlacePicker */;
			targetProxy = 400819D41B0DA89300F503CA /* PBXContainerItemProxy */;
		};
/* End PBXTargetDependency section */

/* Begin PBXVariantGroup section */
		400819B71B0DA89300F503CA /* InfoPlist.strings */ = {
			isa = PBXVariantGroup;
			children = (
				400819B81B0DA89300F503CA /* en */,
			);
			name = InfoPlist.strings;
			sourceTree = "<group>";
		};
		400819C01B0DA89300F503CA /* Main_iPhone.storyboard */ = {
			isa = PBXVariantGroup;
			children = (
				400819C11B0DA89300F503CA /* Base */,
			);
			name = Main_iPhone.storyboard;
			sourceTree = "<group>";
		};
		400819C31B0DA89300F503CA /* Main_iPad.storyboard */ = {
			isa = PBXVariantGroup;
			children = (
				400819C41B0DA89300F503CA /* Base */,
			);
			name = Main_iPad.storyboard;
			sourceTree = "<group>";
		};
		400819D91B0DA89300F503CA /* InfoPlist.strings */ = {
			isa = PBXVariantGroup;
			children = (
				400819DA1B0DA89300F503CA /* en */,
			);
			name = InfoPlist.strings;
			sourceTree = "<group>";
		};
/* End PBXVariantGroup section */

/* Begin XCBuildConfiguration section */
		400819DE1B0DA89300F503CA /* Debug */ = {
			isa = XCBuildConfiguration;
			buildSettings = {
				ALWAYS_SEARCH_USER_PATHS = NO;
				CLANG_CXX_LANGUAGE_STANDARD = "gnu++0x";
				CLANG_CXX_LIBRARY = "libc++";
				CLANG_ENABLE_MODULES = YES;
				CLANG_ENABLE_OBJC_ARC = YES;
				CLANG_WARN_BOOL_CONVERSION = YES;
				CLANG_WARN_CONSTANT_CONVERSION = YES;
				CLANG_WARN_DIRECT_OBJC_ISA_USAGE = YES_ERROR;
				CLANG_WARN_EMPTY_BODY = YES;
				CLANG_WARN_ENUM_CONVERSION = YES;
				CLANG_WARN_INT_CONVERSION = YES;
				CLANG_WARN_OBJC_ROOT_CLASS = YES_ERROR;
				CLANG_WARN__DUPLICATE_METHOD_MATCH = YES;
				"CODE_SIGN_IDENTITY[sdk=iphoneos*]" = "iPhone Developer";
				COPY_PHASE_STRIP = NO;
				GCC_C_LANGUAGE_STANDARD = gnu99;
				GCC_DYNAMIC_NO_PIC = NO;
				GCC_OPTIMIZATION_LEVEL = 0;
				GCC_PREPROCESSOR_DEFINITIONS = (
					"DEBUG=1",
					"$(inherited)",
				);
				GCC_SYMBOLS_PRIVATE_EXTERN = NO;
				GCC_WARN_64_TO_32_BIT_CONVERSION = YES;
				GCC_WARN_ABOUT_RETURN_TYPE = YES_ERROR;
				GCC_WARN_UNDECLARED_SELECTOR = YES;
				GCC_WARN_UNINITIALIZED_AUTOS = YES_AGGRESSIVE;
				GCC_WARN_UNUSED_FUNCTION = YES;
				GCC_WARN_UNUSED_VARIABLE = YES;
				IPHONEOS_DEPLOYMENT_TARGET = 7.1;
				ONLY_ACTIVE_ARCH = YES;
				SDKROOT = iphoneos;
				TARGETED_DEVICE_FAMILY = "1,2";
			};
			name = Debug;
		};
		400819DF1B0DA89300F503CA /* Release */ = {
			isa = XCBuildConfiguration;
			buildSettings = {
				ALWAYS_SEARCH_USER_PATHS = NO;
				CLANG_CXX_LANGUAGE_STANDARD = "gnu++0x";
				CLANG_CXX_LIBRARY = "libc++";
				CLANG_ENABLE_MODULES = YES;
				CLANG_ENABLE_OBJC_ARC = YES;
				CLANG_WARN_BOOL_CONVERSION = YES;
				CLANG_WARN_CONSTANT_CONVERSION = YES;
				CLANG_WARN_DIRECT_OBJC_ISA_USAGE = YES_ERROR;
				CLANG_WARN_EMPTY_BODY = YES;
				CLANG_WARN_ENUM_CONVERSION = YES;
				CLANG_WARN_INT_CONVERSION = YES;
				CLANG_WARN_OBJC_ROOT_CLASS = YES_ERROR;
				CLANG_WARN__DUPLICATE_METHOD_MATCH = YES;
				"CODE_SIGN_IDENTITY[sdk=iphoneos*]" = "iPhone Developer";
				COPY_PHASE_STRIP = YES;
				ENABLE_NS_ASSERTIONS = NO;
				GCC_C_LANGUAGE_STANDARD = gnu99;
				GCC_WARN_64_TO_32_BIT_CONVERSION = YES;
				GCC_WARN_ABOUT_RETURN_TYPE = YES_ERROR;
				GCC_WARN_UNDECLARED_SELECTOR = YES;
				GCC_WARN_UNINITIALIZED_AUTOS = YES_AGGRESSIVE;
				GCC_WARN_UNUSED_FUNCTION = YES;
				GCC_WARN_UNUSED_VARIABLE = YES;
				IPHONEOS_DEPLOYMENT_TARGET = 7.1;
				SDKROOT = iphoneos;
				TARGETED_DEVICE_FAMILY = "1,2";
				VALIDATE_PRODUCT = YES;
			};
			name = Release;
		};
		400819E11B0DA89300F503CA /* Debug */ = {
			isa = XCBuildConfiguration;
			buildSettings = {
				ASSETCATALOG_COMPILER_APPICON_NAME = AppIcon;
				ASSETCATALOG_COMPILER_LAUNCHIMAGE_NAME = LaunchImage;
				GCC_PRECOMPILE_PREFIX_HEADER = YES;
				GCC_PREFIX_HEADER = "PlacePicker/PlacePicker-Prefix.pch";
				INFOPLIST_FILE = "PlacePicker/PlacePicker-Info.plist";
				PRODUCT_NAME = "$(TARGET_NAME)";
				WRAPPER_EXTENSION = app;
			};
			name = Debug;
		};
		400819E21B0DA89300F503CA /* Release */ = {
			isa = XCBuildConfiguration;
			buildSettings = {
				ASSETCATALOG_COMPILER_APPICON_NAME = AppIcon;
				ASSETCATALOG_COMPILER_LAUNCHIMAGE_NAME = LaunchImage;
				GCC_PRECOMPILE_PREFIX_HEADER = YES;
				GCC_PREFIX_HEADER = "PlacePicker/PlacePicker-Prefix.pch";
				INFOPLIST_FILE = "PlacePicker/PlacePicker-Info.plist";
				PRODUCT_NAME = "$(TARGET_NAME)";
				WRAPPER_EXTENSION = app;
			};
			name = Release;
		};
		400819E41B0DA89300F503CA /* Debug */ = {
			isa = XCBuildConfiguration;
			buildSettings = {
				BUNDLE_LOADER = "$(BUILT_PRODUCTS_DIR)/PlacePicker.app/PlacePicker";
				FRAMEWORK_SEARCH_PATHS = (
					"$(SDKROOT)/Developer/Library/Frameworks",
					"$(inherited)",
					"$(DEVELOPER_FRAMEWORKS_DIR)",
				);
				GCC_PRECOMPILE_PREFIX_HEADER = YES;
				GCC_PREFIX_HEADER = "PlacePicker/PlacePicker-Prefix.pch";
				GCC_PREPROCESSOR_DEFINITIONS = (
					"DEBUG=1",
					"$(inherited)",
				);
				INFOPLIST_FILE = "PlacePickerTests/PlacePickerTests-Info.plist";
				PRODUCT_NAME = "$(TARGET_NAME)";
				TEST_HOST = "$(BUNDLE_LOADER)";
				WRAPPER_EXTENSION = xctest;
			};
			name = Debug;
		};
		400819E51B0DA89300F503CA /* Release */ = {
			isa = XCBuildConfiguration;
			buildSettings = {
				BUNDLE_LOADER = "$(BUILT_PRODUCTS_DIR)/PlacePicker.app/PlacePicker";
				FRAMEWORK_SEARCH_PATHS = (
					"$(SDKROOT)/Developer/Library/Frameworks",
					"$(inherited)",
					"$(DEVELOPER_FRAMEWORKS_DIR)",
				);
				GCC_PRECOMPILE_PREFIX_HEADER = YES;
				GCC_PREFIX_HEADER = "PlacePicker/PlacePicker-Prefix.pch";
				INFOPLIST_FILE = "PlacePickerTests/PlacePickerTests-Info.plist";
				PRODUCT_NAME = "$(TARGET_NAME)";
				TEST_HOST = "$(BUNDLE_LOADER)";
				WRAPPER_EXTENSION = xctest;
			};
			name = Release;
		};
/* End XCBuildConfiguration section */

/* Begin XCConfigurationList section */
		400819A61B0DA89300F503CA /* Build configuration list for PBXProject "PlacePicker" */ = {
			isa = XCConfigurationList;
			buildConfigurations = (
				400819DE1B0DA89300F503CA /* Debug */,
				400819DF1B0DA89300F503CA /* Release */,
			);
			defaultConfigurationIsVisible = 0;
			defaultConfigurationName = Release;
		};
		400819E01B0DA89300F503CA /* Build configuration list for PBXNativeTarget "PlacePicker" */ = {
			isa = XCConfigurationList;
			buildConfigurations = (
				400819E11B0DA89300F503CA /* Debug */,
				400819E21B0DA89300F503CA /* Release */,
			);
			defaultConfigurationIsVisible = 0;
		};
		400819E31B0DA89300F503CA /* Build configuration list for PBXNativeTarget "PlacePickerTests" */ = {
			isa = XCConfigurationList;
			buildConfigurations = (
				400819E41B0DA89300F503CA /* Debug */,
				400819E51B0DA89300F503CA /* Release */,
			);
			defaultConfigurationIsVisible = 0;
		};
/* End XCConfigurationList section */
	};
	rootObject = 400819A31B0DA89300F503CA /* Project object */;
}
